
Microsoft Visual Studio Solution File, Format Version 12.00
# Visual Studio Version 16
VisualStudioVersion = 16.0.29411.108
MinimumVisualStudioVersion = 10.0.40219.1
Project("{9A19103F-16F7-4668-BE54-9A1E7A4F7556}") = "WebService", "WebService\WebService.csproj", "{227C6FB0-A265-4067-B42C-2A9BD014DBB2}"
EndProject
Project("{FAE04EC0-301F-11D3-BF4B-00C04F79EFBC}") = "Shared", "Shared\Shared.csproj", "{E279A285-754E-4C16-9FFE-EF25719EA8B9}"
EndProject
Project("{FAE04EC0-301F-11D3-BF4B-00C04F79EFBC}") = "Gui", "Gui\Gui.csproj", "{614DB958-BA8E-471C-9818-DF18551A8590}"
EndProject
Project("{9A19103F-16F7-4668-BE54-9A1E7A4F7556}") = "Domain", "Domain\Domain.csproj", "{81A88B71-5287-4DD7-A54B-DDE6CC5D0656}"
EndProject
Global
	GlobalSection(SolutionConfigurationPlatforms) = preSolution
		Debug|Any CPU = Debug|Any CPU
		Release|Any CPU = Release|Any CPU
	EndGlobalSection
	GlobalSection(ProjectConfigurationPlatforms) = postSolution
		{227C6FB0-A265-4067-B42C-2A9BD014DBB2}.Debug|Any CPU.ActiveCfg = Debug|Any CPU
		{227C6FB0-A265-4067-B42C-2A9BD014DBB2}.Debug|Any CPU.Build.0 = Debug|Any CPU
		{227C6FB0-A265-4067-B42C-2A9BD014DBB2}.Release|Any CPU.ActiveCfg = Release|Any CPU
		{227C6FB0-A265-4067-B42C-2A9BD014DBB2}.Release|Any CPU.Build.0 = Release|Any CPU
		{E279A285-754E-4C16-9FFE-EF25719EA8B9}.Debug|Any CPU.ActiveCfg = Debug|Any CPU
		{E279A285-754E-4C16-9FFE-EF25719EA8B9}.Debug|Any CPU.Build.0 = Debug|Any CPU
		{E279A285-754E-4C16-9FFE-EF25719EA8B9}.Release|Any CPU.ActiveCfg = Release|Any CPU
		{E279A285-754E-4C16-9FFE-EF25719EA8B9}.Release|Any CPU.Build.0 = Release|Any CPU
		{614DB958-BA8E-471C-9818-DF18551A8590}.Debug|Any CPU.ActiveCfg = Debug|Any CPU
		{614DB958-BA8E-471C-9818-DF18551A8590}.Debug|Any CPU.Build.0 = Debug|Any CPU
		{614DB958-BA8E-471C-9818-DF18551A8590}.Release|Any CPU.ActiveCfg = Release|Any CPU
		{614DB958-BA8E-471C-9818-DF18551A8590}.Release|Any CPU.Build.0 = Release|Any CPU
		{81A88B71-5287-4DD7-A54B-DDE6CC5D0656}.Debug|Any CPU.ActiveCfg = Debug|Any CPU
		{81A88B71-5287-4DD7-A54B-DDE6CC5D0656}.Debug|Any CPU.Build.0 = Debug|Any CPU
		{81A88B71-5287-4DD7-A54B-DDE6CC5D0656}.Release|Any CPU.ActiveCfg = Release|Any CPU
		{81A88B71-5287-4DD7-A54B-DDE6CC5D0656}.Release|Any CPU.Build.0 = Release|Any CPU
	EndGlobalSection
	GlobalSection(SolutionProperties) = preSolution
		HideSolutionNode = FALSE
	EndGlobalSection
	GlobalSection(ExtensibilityGlobals) = postSolution
		SolutionGuid = {975C1089-A796-41E6-8FC7-39D183D27330}
	EndGlobalSection
EndGlobal
